// !$*UTF8*$!
{
	archiveVersion = 1;
	classes = {
	};
	objectVersion = 46;
	objects = {

/* Begin PBXBuildFile section */
		242958431CC032EF0096655B /* AppDelegate.swift in Sources */ = {isa = PBXBuildFile; fileRef = 242958421CC032EF0096655B /* AppDelegate.swift */; };
		2429584A1CC032EF0096655B /* Main.storyboard in Resources */ = {isa = PBXBuildFile; fileRef = 242958481CC032EF0096655B /* Main.storyboard */; };
		2429584C1CC032EF0096655B /* Assets.xcassets in Resources */ = {isa = PBXBuildFile; fileRef = 2429584B1CC032EF0096655B /* Assets.xcassets */; };
		2429584F1CC032EF0096655B /* LaunchScreen.storyboard in Resources */ = {isa = PBXBuildFile; fileRef = 2429584D1CC032EF0096655B /* LaunchScreen.storyboard */; };
		242958621CC033A60096655B /* CityFeature.swift in Sources */ = {isa = PBXBuildFile; fileRef = 242958561CC033A60096655B /* CityFeature.swift */; };
		242958631CC033A60096655B /* Constants.swift in Sources */ = {isa = PBXBuildFile; fileRef = 242958571CC033A60096655B /* Constants.swift */; };
		242958641CC033A60096655B /* Home.gpx in Resources */ = {isa = PBXBuildFile; fileRef = 242958581CC033A60096655B /* Home.gpx */; };
		242958651CC033A60096655B /* HomeVC.swift in Sources */ = {isa = PBXBuildFile; fileRef = 242958591CC033A60096655B /* HomeVC.swift */; };
		242958661CC033A60096655B /* LocationAnnotation.swift in Sources */ = {isa = PBXBuildFile; fileRef = 2429585A1CC033A60096655B /* LocationAnnotation.swift */; };
		242958671CC033A60096655B /* LocationPoint.swift in Sources */ = {isa = PBXBuildFile; fileRef = 2429585B1CC033A60096655B /* LocationPoint.swift */; };
		242958681CC033A60096655B /* LocationType.swift in Sources */ = {isa = PBXBuildFile; fileRef = 2429585C1CC033A60096655B /* LocationType.swift */; };
		242958691CC033A60096655B /* MyNeighborhoodData.swift in Sources */ = {isa = PBXBuildFile; fileRef = 2429585D1CC033A60096655B /* MyNeighborhoodData.swift */; };
		2429586A1CC033A60096655B /* PrecisionLimit.swift in Sources */ = {isa = PBXBuildFile; fileRef = 2429585E1CC033A60096655B /* PrecisionLimit.swift */; };
		2429586B1CC033A60096655B /* SettingsVC.swift in Sources */ = {isa = PBXBuildFile; fileRef = 2429585F1CC033A60096655B /* SettingsVC.swift */; };
		2429586C1CC033A60096655B /* SODAClient.swift in Sources */ = {isa = PBXBuildFile; fileRef = 242958601CC033A60096655B /* SODAClient.swift */; };
/* End PBXBuildFile section */

/* Begin PBXFileReference section */
		2429583F1CC032EF0096655B /* WhatsNearBy.app */ = {isa = PBXFileReference; explicitFileType = wrapper.application; includeInIndex = 0; path = WhatsNearBy.app; sourceTree = BUILT_PRODUCTS_DIR; };
		242958421CC032EF0096655B /* AppDelegate.swift */ = {isa = PBXFileReference; lastKnownFileType = sourcecode.swift; name = AppDelegate.swift; path = WhatsNearBy/AppDelegate.swift; sourceTree = "<group>"; };
		242958491CC032EF0096655B /* Base */ = {isa = PBXFileReference; lastKnownFileType = file.storyboard; name = Base; path = Base.lproj/Main.storyboard; sourceTree = "<group>"; };
		2429584B1CC032EF0096655B /* Assets.xcassets */ = {isa = PBXFileReference; lastKnownFileType = folder.assetcatalog; name = Assets.xcassets; path = WhatsNearBy/Assets.xcassets; sourceTree = "<group>"; };
		2429584E1CC032EF0096655B /* Base */ = {isa = PBXFileReference; lastKnownFileType = file.storyboard; name = Base; path = Base.lproj/LaunchScreen.storyboard; sourceTree = "<group>"; };
		242958501CC032EF0096655B /* Info.plist */ = {isa = PBXFileReference; lastKnownFileType = text.plist.xml; name = Info.plist; path = WhatsNearBy/Info.plist; sourceTree = "<group>"; };
		242958561CC033A60096655B /* CityFeature.swift */ = {isa = PBXFileReference; fileEncoding = 4; lastKnownFileType = sourcecode.swift; name = CityFeature.swift; path = WhatsNearBy/CityFeature.swift; sourceTree = "<group>"; };
		242958571CC033A60096655B /* Constants.swift */ = {isa = PBXFileReference; fileEncoding = 4; lastKnownFileType = sourcecode.swift; name = Constants.swift; path = WhatsNearBy/Constants.swift; sourceTree = "<group>"; };
		242958581CC033A60096655B /* Home.gpx */ = {isa = PBXFileReference; fileEncoding = 4; lastKnownFileType = text.xml; name = Home.gpx; path = WhatsNearBy/Home.gpx; sourceTree = "<group>"; };
		242958591CC033A60096655B /* HomeVC.swift */ = {isa = PBXFileReference; fileEncoding = 4; lastKnownFileType = sourcecode.swift; name = HomeVC.swift; path = WhatsNearBy/HomeVC.swift; sourceTree = "<group>"; };
		2429585A1CC033A60096655B /* LocationAnnotation.swift */ = {isa = PBXFileReference; fileEncoding = 4; lastKnownFileType = sourcecode.swift; name = LocationAnnotation.swift; path = WhatsNearBy/LocationAnnotation.swift; sourceTree = "<group>"; };
		2429585B1CC033A60096655B /* LocationPoint.swift */ = {isa = PBXFileReference; fileEncoding = 4; lastKnownFileType = sourcecode.swift; name = LocationPoint.swift; path = WhatsNearBy/LocationPoint.swift; sourceTree = "<group>"; };
		2429585C1CC033A60096655B /* LocationType.swift */ = {isa = PBXFileReference; fileEncoding = 4; lastKnownFileType = sourcecode.swift; name = LocationType.swift; path = WhatsNearBy/LocationType.swift; sourceTree = "<group>"; };
		2429585D1CC033A60096655B /* MyNeighborhoodData.swift */ = {isa = PBXFileReference; fileEncoding = 4; lastKnownFileType = sourcecode.swift; name = MyNeighborhoodData.swift; path = WhatsNearBy/MyNeighborhoodData.swift; sourceTree = "<group>"; };
		2429585E1CC033A60096655B /* PrecisionLimit.swift */ = {isa = PBXFileReference; fileEncoding = 4; lastKnownFileType = sourcecode.swift; name = PrecisionLimit.swift; path = WhatsNearBy/PrecisionLimit.swift; sourceTree = "<group>"; };
		2429585F1CC033A60096655B /* SettingsVC.swift */ = {isa = PBXFileReference; fileEncoding = 4; lastKnownFileType = sourcecode.swift; name = SettingsVC.swift; path = WhatsNearBy/SettingsVC.swift; sourceTree = "<group>"; };
		242958601CC033A60096655B /* SODAClient.swift */ = {isa = PBXFileReference; fileEncoding = 4; lastKnownFileType = sourcecode.swift; name = SODAClient.swift; path = "/Users/antorcol/Documents/dev-stuff/SwiftLearning/Beginner2PaidProCourse/2016-04/WhatsNearBy/WhatsNearBy/SODAClient.swift"; sourceTree = "<absolute>"; };
		2429586F1CC0345D0096655B /* SODAClient.swift */ = {isa = PBXFileReference; lastKnownFileType = sourcecode.swift; name = SODAClient.swift; path = WhatsNearBy/SODAClient.swift; sourceTree = "<group>"; };
		242958701CC0345D0096655B /* SODAKit.h */ = {isa = PBXFileReference; lastKnownFileType = sourcecode.c.h; name = SODAKit.h; path = WhatsNearBy/SODAKit.h; sourceTree = "<group>"; };
/* End PBXFileReference section */

/* Begin PBXFrameworksBuildPhase section */
		2429583C1CC032EF0096655B /* Frameworks */ = {
			isa = PBXFrameworksBuildPhase;
			buildActionMask = 2147483647;
			files = (
			);
			runOnlyForDeploymentPostprocessing = 0;
		};
/* End PBXFrameworksBuildPhase section */

/* Begin PBXGroup section */
		242958361CC032EF0096655B = {
			isa = PBXGroup;
			children = (
				242958501CC032EF0096655B /* Info.plist */,
				242958711CC2B7E20096655B /* model */,
				242958721CC2B8120096655B /* view */,
				242958731CC2B8330096655B /* controller */,
				242958741CC2B8500096655B /* util */,
				2429585E1CC033A60096655B /* PrecisionLimit.swift */,
				242958401CC032EF0096655B /* Products */,
			);
			sourceTree = "<group>";
		};
		242958401CC032EF0096655B /* Products */ = {
			isa = PBXGroup;
			children = (
				2429583F1CC032EF0096655B /* WhatsNearBy.app */,
			);
			name = Products;
			sourceTree = "<group>";
		};
		242958711CC2B7E20096655B /* model */ = {
			isa = PBXGroup;
			children = (
				242958581CC033A60096655B /* Home.gpx */,
				2429585A1CC033A60096655B /* LocationAnnotation.swift */,
				2429585B1CC033A60096655B /* LocationPoint.swift */,
				2429585C1CC033A60096655B /* LocationType.swift */,
				2429585D1CC033A60096655B /* MyNeighborhoodData.swift */,
			);
			name = model;
			sourceTree = "<group>";
		};
		242958721CC2B8120096655B /* view */ = {
			isa = PBXGroup;
			children = (
				242958481CC032EF0096655B /* Main.storyboard */,
				2429584B1CC032EF0096655B /* Assets.xcassets */,
				2429584D1CC032EF0096655B /* LaunchScreen.storyboard */,
			);
			name = view;
			sourceTree = "<group>";
		};
		242958731CC2B8330096655B /* controller */ = {
			isa = PBXGroup;
			children = (
				242958421CC032EF0096655B /* AppDelegate.swift */,
				2429586F1CC0345D0096655B /* SODAClient.swift */,
				242958701CC0345D0096655B /* SODAKit.h */,
				242958591CC033A60096655B /* HomeVC.swift */,
				2429585F1CC033A60096655B /* SettingsVC.swift */,
			);
			name = controller;
			sourceTree = "<group>";
		};
		242958741CC2B8500096655B /* util */ = {
			isa = PBXGroup;
			children = (
				242958571CC033A60096655B /* Constants.swift */,
				242958561CC033A60096655B /* CityFeature.swift */,
			);
			name = util;
			sourceTree = "<group>";
		};
/* End PBXGroup section */

/* Begin PBXNativeTarget section */
		2429583E1CC032EF0096655B /* WhatsNearBy */ = {
			isa = PBXNativeTarget;
			buildConfigurationList = 242958531CC032EF0096655B /* Build configuration list for PBXNativeTarget "WhatsNearBy" */;
			buildPhases = (
				2429583B1CC032EF0096655B /* Sources */,
				2429583C1CC032EF0096655B /* Frameworks */,
				2429583D1CC032EF0096655B /* Resources */,
			);
			buildRules = (
			);
			dependencies = (
			);
			name = WhatsNearBy;
			productName = WhatsNearBy;
			productReference = 2429583F1CC032EF0096655B /* WhatsNearBy.app */;
			productType = "com.apple.product-type.application";
		};
/* End PBXNativeTarget section */

/* Begin PBXProject section */
		242958371CC032EF0096655B /* Project object */ = {
			isa = PBXProject;
			attributes = {
				LastSwiftUpdateCheck = 0730;
				LastUpgradeCheck = 0730;
				ORGANIZATIONNAME = "Anthony Torrero Collins";
				TargetAttributes = {
					2429583E1CC032EF0096655B = {
						CreatedOnToolsVersion = 7.3;
						DevelopmentTeam = A3XXLP2945;
					};
				};
			};
			buildConfigurationList = 2429583A1CC032EF0096655B /* Build configuration list for PBXProject "WhatsNearBy" */;
			compatibilityVersion = "Xcode 3.2";
			developmentRegion = English;
			hasScannedForEncodings = 0;
			knownRegions = (
				en,
				Base,
			);
			mainGroup = 242958361CC032EF0096655B;
			productRefGroup = 242958401CC032EF0096655B /* Products */;
			projectDirPath = "";
			projectRoot = "";
			targets = (
				2429583E1CC032EF0096655B /* WhatsNearBy */,
			);
		};
/* End PBXProject section */

/* Begin PBXResourcesBuildPhase section */
		2429583D1CC032EF0096655B /* Resources */ = {
			isa = PBXResourcesBuildPhase;
			buildActionMask = 2147483647;
			files = (
				2429584F1CC032EF0096655B /* LaunchScreen.storyboard in Resources */,
				2429584C1CC032EF0096655B /* Assets.xcassets in Resources */,
				242958641CC033A60096655B /* Home.gpx in Resources */,
				2429584A1CC032EF0096655B /* Main.storyboard in Resources */,
			);
			runOnlyForDeploymentPostprocessing = 0;
		};
/* End PBXResourcesBuildPhase section */

/* Begin PBXSourcesBuildPhase section */
		2429583B1CC032EF0096655B /* Sources */ = {
			isa = PBXSourcesBuildPhase;
			buildActionMask = 2147483647;
			files = (
				242958431CC032EF0096655B /* AppDelegate.swift in Sources */,
				2429586A1CC033A60096655B /* PrecisionLimit.swift in Sources */,
				242958671CC033A60096655B /* LocationPoint.swift in Sources */,
				242958681CC033A60096655B /* LocationType.swift in Sources */,
				2429586C1CC033A60096655B /* SODAClient.swift in Sources */,
				242958691CC033A60096655B /* MyNeighborhoodData.swift in Sources */,
				242958651CC033A60096655B /* HomeVC.swift in Sources */,
				242958621CC033A60096655B /* CityFeature.swift in Sources */,
				242958631CC033A60096655B /* Constants.swift in Sources */,
				242958661CC033A60096655B /* LocationAnnotation.swift in Sources */,
				2429586B1CC033A60096655B /* SettingsVC.swift in Sources */,
			);
			runOnlyForDeploymentPostprocessing = 0;
		};
/* End PBXSourcesBuildPhase section */

/* Begin PBXVariantGroup section */
		242958481CC032EF0096655B /* Main.storyboard */ = {
			isa = PBXVariantGroup;
			children = (
				242958491CC032EF0096655B /* Base */,
			);
			name = Main.storyboard;
			path = WhatsNearBy;
			sourceTree = "<group>";
		};
		2429584D1CC032EF0096655B /* LaunchScreen.storyboard */ = {
			isa = PBXVariantGroup;
			children = (
				2429584E1CC032EF0096655B /* Base */,
			);
			name = LaunchScreen.storyboard;
			path = WhatsNearBy;
			sourceTree = "<group>";
		};
/* End PBXVariantGroup section */

/* Begin XCBuildConfiguration section */
		242958511CC032EF0096655B /* Debug */ = {
			isa = XCBuildConfiguration;
			buildSettings = {
				ALWAYS_SEARCH_USER_PATHS = NO;
				CLANG_ANALYZER_NONNULL = YES;
				CLANG_CXX_LANGUAGE_STANDARD = "gnu++0x";
				CLANG_CXX_LIBRARY = "libc++";
				CLANG_ENABLE_MODULES = YES;
				CLANG_ENABLE_OBJC_ARC = YES;
				CLANG_WARN_BOOL_CONVERSION = YES;
				CLANG_WARN_CONSTANT_CONVERSION = YES;
				CLANG_WARN_DIRECT_OBJC_ISA_USAGE = YES_ERROR;
				CLANG_WARN_EMPTY_BODY = YES;
				CLANG_WARN_ENUM_CONVERSION = YES;
				CLANG_WARN_INT_CONVERSION = YES;
				CLANG_WARN_OBJC_ROOT_CLASS = YES_ERROR;
				CLANG_WARN_UNREACHABLE_CODE = YES;
				CLANG_WARN__DUPLICATE_METHOD_MATCH = YES;
				"CODE_SIGN_IDENTITY[sdk=iphoneos*]" = "iPhone Developer";
				COPY_PHASE_STRIP = NO;
				DEBUG_INFORMATION_FORMAT = dwarf;
				ENABLE_STRICT_OBJC_MSGSEND = YES;
				ENABLE_TESTABILITY = YES;
				GCC_C_LANGUAGE_STANDARD = gnu99;
				GCC_DYNAMIC_NO_PIC = NO;
				GCC_NO_COMMON_BLOCKS = YES;
				GCC_OPTIMIZATION_LEVEL = 0;
				GCC_PREPROCESSOR_DEFINITIONS = (
					"DEBUG=1",
					"$(inherited)",
				);
				GCC_WARN_64_TO_32_BIT_CONVERSION = YES;
				GCC_WARN_ABOUT_RETURN_TYPE = YES_ERROR;
				GCC_WARN_UNDECLARED_SELECTOR = YES;
				GCC_WARN_UNINITIALIZED_AUTOS = YES_AGGRESSIVE;
				GCC_WARN_UNUSED_FUNCTION = YES;
				GCC_WARN_UNUSED_VARIABLE = YES;
				IPHONEOS_DEPLOYMENT_TARGET = 9.3;
				MTL_ENABLE_DEBUG_INFO = YES;
				ONLY_ACTIVE_ARCH = YES;
				SDKROOT = iphoneos;
				SWIFT_OPTIMIZATION_LEVEL = "-Onone";
				TARGETED_DEVICE_FAMILY = "1,2";
			};
			name = Debug;
		};
		242958521CC032EF0096655B /* Release */ = {
			isa = XCBuildConfiguration;
			buildSettings = {
				ALWAYS_SEARCH_USER_PATHS = NO;
				CLANG_ANALYZER_NONNULL = YES;
				CLANG_CXX_LANGUAGE_STANDARD = "gnu++0x";
				CLANG_CXX_LIBRARY = "libc++";
				CLANG_ENABLE_MODULES = YES;
				CLANG_ENABLE_OBJC_ARC = YES;
				CLANG_WARN_BOOL_CONVERSION = YES;
				CLANG_WARN_CONSTANT_CONVERSION = YES;
				CLANG_WARN_DIRECT_OBJC_ISA_USAGE = YES_ERROR;
				CLANG_WARN_EMPTY_BODY = YES;
				CLANG_WARN_ENUM_CONVERSION = YES;
				CLANG_WARN_INT_CONVERSION = YES;
				CLANG_WARN_OBJC_ROOT_CLASS = YES_ERROR;
				CLANG_WARN_UNREACHABLE_CODE = YES;
				CLANG_WARN__DUPLICATE_METHOD_MATCH = YES;
				"CODE_SIGN_IDENTITY[sdk=iphoneos*]" = "iPhone Developer";
				COPY_PHASE_STRIP = NO;
				DEBUG_INFORMATION_FORMAT = "dwarf-with-dsym";
				ENABLE_NS_ASSERTIONS = NO;
				ENABLE_STRICT_OBJC_MSGSEND = YES;
				GCC_C_LANGUAGE_STANDARD = gnu99;
				GCC_NO_COMMON_BLOCKS = YES;
				GCC_WARN_64_TO_32_BIT_CONVERSION = YES;
				GCC_WARN_ABOUT_RETURN_TYPE = YES_ERROR;
				GCC_WARN_UNDECLARED_SELECTOR = YES;
				GCC_WARN_UNINITIALIZED_AUTOS = YES_AGGRESSIVE;
				GCC_WARN_UNUSED_FUNCTION = YES;
				GCC_WARN_UNUSED_VARIABLE = YES;
				IPHONEOS_DEPLOYMENT_TARGET = 9.3;
				MTL_ENABLE_DEBUG_INFO = NO;
				SDKROOT = iphoneos;
				TARGETED_DEVICE_FAMILY = "1,2";
				VALIDATE_PRODUCT = YES;
			};
			name = Release;
		};
		242958541CC032EF0096655B /* Debug */ = {
			isa = XCBuildConfiguration;
			buildSettings = {
				ASSETCATALOG_COMPILER_APPICON_NAME = AppIcon;
				ENABLE_BITCODE = YES;
				INFOPLIST_FILE = WhatsNearBy/Info.plist;
				LD_RUNPATH_SEARCH_PATHS = "$(inherited) @executable_path/Frameworks";
				PRODUCT_BUNDLE_IDENTIFIER = com.atc.learning.WhatsNearBy;
				PRODUCT_NAME = "$(TARGET_NAME)";
			};
			name = Debug;
		};
		242958551CC032EF0096655B /* Release */ = {
			isa = XCBuildConfiguration;
			buildSettings = {
				ASSETCATALOG_COMPILER_APPICON_NAME = AppIcon;
				ENABLE_BITCODE = YES;
				INFOPLIST_FILE = WhatsNearBy/Info.plist;
				LD_RUNPATH_SEARCH_PATHS = "$(inherited) @executable_path/Frameworks";
				PRODUCT_BUNDLE_IDENTIFIER = com.atc.learning.WhatsNearBy;
				PRODUCT_NAME = "$(TARGET_NAME)";
			};
			name = Release;
		};
/* End XCBuildConfiguration section */

/* Begin XCConfigurationList section */
		2429583A1CC032EF0096655B /* Build configuration list for PBXProject "WhatsNearBy" */ = {
			isa = XCConfigurationList;
			buildConfigurations = (
				242958511CC032EF0096655B /* Debug */,
				242958521CC032EF0096655B /* Release */,
			);
			defaultConfigurationIsVisible = 0;
			defaultConfigurationName = Release;
		};
		242958531CC032EF0096655B /* Build configuration list for PBXNativeTarget "WhatsNearBy" */ = {
			isa = XCConfigurationList;
			buildConfigurations = (
				242958541CC032EF0096655B /* Debug */,
				242958551CC032EF0096655B /* Release */,
			);
			defaultConfigurationIsVisible = 0;
		};
/* End XCConfigurationList section */
	};
	rootObject = 242958371CC032EF0096655B /* Project object */;
}
